github.com/golang/lint v0.0.0-20180702182130-06c8688daad7faa9da5a0c2f163a3d14aac986ca h1:k0VWkgGKFMIMRQcw9egl+2xsEHbXlAeDugA9puCpZTs=
github.com/golang/lint v0.0.0-20180702182130-06c8688daad7faa9da5a0c2f163a3d14aac986ca/go.mod h1:tluoj9z5200jBnyusfRPU2LqT6J+DAorxEvtC7LHB+E=
github.com/jadekler/dummy-lib-1 v1.0.2 h1:z3ScSVG52lDYpou2AWFXSQXynWtVm9ZasLqcgQOuQ24=
github.com/jadekler/dummy-lib-1 v1.0.2/go.mod h1:h8wW6alU19WRCQ1oSsplZ3WjrsN3IzE0l7PGS7JfVSw=
github.com/jadekler/dummy-lib-2 v1.2.0/go.mod h1:6Lml/0rNx/jUq9f8JLlNPw2xfp4qyOQz9GgiqGXCBWQ=
golang.org/x/crypto v0.0.0-20190308221718-c2843e01d9a2/go.mod h1:djNgcEr1/C05ACkg1iLfiJU5Ep61QUkGW8qpdssI0+w=
golang.org/x/lint v0.0.0-20190313153728-d0100b6bd8b3 h1:XQyxROzUlZH+WIQwySDgnISgOivlhjIEwaQaJEJrrN0=
golang.org/x/lint v0.0.0-20190313153728-d0100b6bd8b3/go.mod h1:6SW0HCj/g11FgYtHlgUYUwCkIfeOF89ocIRzGO/8vkc=
golang.org/x/net v0.0.0-20190311183353-d8887717615a/go.mod h1:t9HGtf8HONx5eT2rtn7q6eTqICYqUVnKs3thJo3Qplg=
golang.org/x/sys v0.0.0-20190215142949-d0b11bdaac8a/go.mod h1:STP8DvDyc/dI5b8T5hshtkjS+E42TnysNCUPdjciGhY=
golang.org/x/text v0.3.0/go.mod h1:NqM8EUOU14njkJ3fqMW+pc6Ldnwhi/IjpwHt7yyuwOQ=
golang.org/x/tools v0.0.0-20190311212946-11955173bddd/go.mod h1:LCzVGOaR6xXOjkQ3onu1FJEFr0SW1gC7cKk1uF8kGRs=
golang.org/x/tools v0.0.0-20190404132500-923d25813098 h1:MtqjsZmyGRgMmLUgxnmMJ6RYdvd2ib8ipiayHhqSxs4=
golang.org/x/tools v0.0.0-20190404132500-923d25813098/go.mod h1:LCzVGOaR6xXOjkQ3onu1FJEFr0SW1gC7cKk1uF8kGRs=
